
Microsoft Visual Studio Solution File, Format Version 12.00
# Visual Studio Version 16
VisualStudioVersion = 16.0.29025.244
MinimumVisualStudioVersion = 10.0.40219.1
Project("{FAE04EC0-301F-11D3-BF4B-00C04F79EFBC}") = "FirstAttempt", "FirstAttempt\FirstAttempt.csproj", "{9BB89345-4F79-4F73-AA8B-37A75937E611}"
EndProject
Global
	GlobalSection(SolutionConfigurationPlatforms) = preSolution
		Debug|Any CPU = Debug|Any CPU
		Release|Any CPU = Release|Any CPU
	EndGlobalSection
	GlobalSection(ProjectConfigurationPlatforms) = postSolution
		{9BB89345-4F79-4F73-AA8B-37A75937E611}.Debug|Any CPU.ActiveCfg = Debug|Any CPU
		{9BB89345-4F79-4F73-AA8B-37A75937E611}.Debug|Any CPU.Build.0 = Debug|Any CPU
		{9BB89345-4F79-4F73-AA8B-37A75937E611}.Release|Any CPU.ActiveCfg = Release|Any CPU
		{9BB89345-4F79-4F73-AA8B-37A75937E611}.Release|Any CPU.Build.0 = Release|Any CPU
	EndGlobalSection
	GlobalSection(SolutionProperties) = preSolution
		HideSolutionNode = FALSE
	EndGlobalSection
	GlobalSection(ExtensibilityGlobals) = postSolution
		SolutionGuid = {83359EA2-C20B-44A9-A61C-5350B6CD1772}
	EndGlobalSection
EndGlobal
